
Microsoft Visual Studio Solution File, Format Version 12.00
# Visual Studio Version 17
VisualStudioVersion = 17.0.32112.339
MinimumVisualStudioVersion = 10.0.40219.1
Project("{FAE04EC0-301F-11D3-BF4B-00C04F79EFBC}") = "InventoryManagement", "InventoryManagement\InventoryManagement.csproj", "{183419A8-1F28-4810-8FDD-A1C52F7C431F}"
EndProject
Global
	GlobalSection(SolutionConfigurationPlatforms) = preSolution
		Debug|Any CPU = Debug|Any CPU
		Release|Any CPU = Release|Any CPU
	EndGlobalSection
	GlobalSection(ProjectConfigurationPlatforms) = postSolution
		{183419A8-1F28-4810-8FDD-A1C52F7C431F}.Debug|Any CPU.ActiveCfg = Debug|Any CPU
		{183419A8-1F28-4810-8FDD-A1C52F7C431F}.Debug|Any CPU.Build.0 = Debug|Any CPU
		{183419A8-1F28-4810-8FDD-A1C52F7C431F}.Release|Any CPU.ActiveCfg = Release|Any CPU
		{183419A8-1F28-4810-8FDD-A1C52F7C431F}.Release|Any CPU.Build.0 = Release|Any CPU
	EndGlobalSection
	GlobalSection(SolutionProperties) = preSolution
		HideSolutionNode = FALSE
	EndGlobalSection
	GlobalSection(ExtensibilityGlobals) = postSolution
		SolutionGuid = {E6A764E9-C504-498B-A976-6A8FC8546167}
	EndGlobalSection
EndGlobal
